
Microsoft Visual Studio Solution File, Format Version 12.00
# Visual Studio 15
VisualStudioVersion = 15.0.28307.489
MinimumVisualStudioVersion = 10.0.40219.1
Project("{FAE04EC0-301F-11D3-BF4B-00C04F79EFBC}") = "Algorithms", "Algorithms\Algorithms.csproj", "{FFC2EA21-FA92-44C3-A419-31BADF398068}"
EndProject
Global
	GlobalSection(SolutionConfigurationPlatforms) = preSolution
		Debug|Any CPU = Debug|Any CPU
		Release|Any CPU = Release|Any CPU
	EndGlobalSection
	GlobalSection(ProjectConfigurationPlatforms) = postSolution
		{FFC2EA21-FA92-44C3-A419-31BADF398068}.Debug|Any CPU.ActiveCfg = Debug|Any CPU
		{FFC2EA21-FA92-44C3-A419-31BADF398068}.Debug|Any CPU.Build.0 = Debug|Any CPU
		{FFC2EA21-FA92-44C3-A419-31BADF398068}.Release|Any CPU.ActiveCfg = Release|Any CPU
		{FFC2EA21-FA92-44C3-A419-31BADF398068}.Release|Any CPU.Build.0 = Release|Any CPU
	EndGlobalSection
	GlobalSection(SolutionProperties) = preSolution
		HideSolutionNode = FALSE
	EndGlobalSection
	GlobalSection(ExtensibilityGlobals) = postSolution
		SolutionGuid = {EA5CC1E1-7F57-4BD1-94FB-A93479C27C30}
	EndGlobalSection
EndGlobal
